// !$*UTF8*$!
{
	archiveVersion = 1;
	classes = {
	};
	objectVersion = 50;
	objects = {

/* Begin PBXBuildFile section */
		37442CD626C00E8A00094A93 /* AppDelegate.swift in Sources */ = {isa = PBXBuildFile; fileRef = 37442CD526C00E8A00094A93 /* AppDelegate.swift */; };
		37442CD826C00E8A00094A93 /* SceneDelegate.swift in Sources */ = {isa = PBXBuildFile; fileRef = 37442CD726C00E8A00094A93 /* SceneDelegate.swift */; };
		37442CDD26C00E8A00094A93 /* Main.storyboard in Resources */ = {isa = PBXBuildFile; fileRef = 37442CDB26C00E8A00094A93 /* Main.storyboard */; };
		37442CDF26C00E8E00094A93 /* Assets.xcassets in Resources */ = {isa = PBXBuildFile; fileRef = 37442CDE26C00E8E00094A93 /* Assets.xcassets */; };
		37442CE226C00E8E00094A93 /* LaunchScreen.storyboard in Resources */ = {isa = PBXBuildFile; fileRef = 37442CE026C00E8E00094A93 /* LaunchScreen.storyboard */; };
		37442CED26C00E8E00094A93 /* GoodNewsTests.swift in Sources */ = {isa = PBXBuildFile; fileRef = 37442CEC26C00E8E00094A93 /* GoodNewsTests.swift */; };
		37442CF826C00E8E00094A93 /* GoodNewsUITests.swift in Sources */ = {isa = PBXBuildFile; fileRef = 37442CF726C00E8E00094A93 /* GoodNewsUITests.swift */; };
		37442D0726C00EE300094A93 /* NewsListTableViewViewController.swift in Sources */ = {isa = PBXBuildFile; fileRef = 37442D0626C00EE300094A93 /* NewsListTableViewViewController.swift */; };
		37442D0A26C0136900094A93 /* Webservice.swift in Sources */ = {isa = PBXBuildFile; fileRef = 37442D0926C0136900094A93 /* Webservice.swift */; };
		37442D0D26C01C6E00094A93 /* Article.swift in Sources */ = {isa = PBXBuildFile; fileRef = 37442D0C26C01C6E00094A93 /* Article.swift */; };
		37442D1026C2077900094A93 /* ArticleViewModel.swift in Sources */ = {isa = PBXBuildFile; fileRef = 37442D0F26C2077900094A93 /* ArticleViewModel.swift */; };
		37442D1226C20AFD00094A93 /* ArticleTableViewCell.swift in Sources */ = {isa = PBXBuildFile; fileRef = 37442D1126C20AFD00094A93 /* ArticleTableViewCell.swift */; };
/* End PBXBuildFile section */

/* Begin PBXContainerItemProxy section */
		37442CE926C00E8E00094A93 /* PBXContainerItemProxy */ = {
			isa = PBXContainerItemProxy;
			containerPortal = 37442CCA26C00E8A00094A93 /* Project object */;
			proxyType = 1;
			remoteGlobalIDString = 37442CD126C00E8A00094A93;
			remoteInfo = GoodNews;
		};
		37442CF426C00E8E00094A93 /* PBXContainerItemProxy */ = {
			isa = PBXContainerItemProxy;
			containerPortal = 37442CCA26C00E8A00094A93 /* Project object */;
			proxyType = 1;
			remoteGlobalIDString = 37442CD126C00E8A00094A93;
			remoteInfo = GoodNews;
		};
/* End PBXContainerItemProxy section */

/* Begin PBXFileReference section */
		37442CD226C00E8A00094A93 /* GoodNews.app */ = {isa = PBXFileReference; explicitFileType = wrapper.application; includeInIndex = 0; path = GoodNews.app; sourceTree = BUILT_PRODUCTS_DIR; };
		37442CD526C00E8A00094A93 /* AppDelegate.swift */ = {isa = PBXFileReference; lastKnownFileType = sourcecode.swift; path = AppDelegate.swift; sourceTree = "<group>"; };
		37442CD726C00E8A00094A93 /* SceneDelegate.swift */ = {isa = PBXFileReference; lastKnownFileType = sourcecode.swift; path = SceneDelegate.swift; sourceTree = "<group>"; };
		37442CDC26C00E8A00094A93 /* Base */ = {isa = PBXFileReference; lastKnownFileType = file.storyboard; name = Base; path = Base.lproj/Main.storyboard; sourceTree = "<group>"; };
		37442CDE26C00E8E00094A93 /* Assets.xcassets */ = {isa = PBXFileReference; lastKnownFileType = folder.assetcatalog; path = Assets.xcassets; sourceTree = "<group>"; };
		37442CE126C00E8E00094A93 /* Base */ = {isa = PBXFileReference; lastKnownFileType = file.storyboard; name = Base; path = Base.lproj/LaunchScreen.storyboard; sourceTree = "<group>"; };
		37442CE326C00E8E00094A93 /* Info.plist */ = {isa = PBXFileReference; lastKnownFileType = text.plist.xml; path = Info.plist; sourceTree = "<group>"; };
		37442CE826C00E8E00094A93 /* GoodNewsTests.xctest */ = {isa = PBXFileReference; explicitFileType = wrapper.cfbundle; includeInIndex = 0; path = GoodNewsTests.xctest; sourceTree = BUILT_PRODUCTS_DIR; };
		37442CEC26C00E8E00094A93 /* GoodNewsTests.swift */ = {isa = PBXFileReference; lastKnownFileType = sourcecode.swift; path = GoodNewsTests.swift; sourceTree = "<group>"; };
		37442CEE26C00E8E00094A93 /* Info.plist */ = {isa = PBXFileReference; lastKnownFileType = text.plist.xml; path = Info.plist; sourceTree = "<group>"; };
		37442CF326C00E8E00094A93 /* GoodNewsUITests.xctest */ = {isa = PBXFileReference; explicitFileType = wrapper.cfbundle; includeInIndex = 0; path = GoodNewsUITests.xctest; sourceTree = BUILT_PRODUCTS_DIR; };
		37442CF726C00E8E00094A93 /* GoodNewsUITests.swift */ = {isa = PBXFileReference; lastKnownFileType = sourcecode.swift; path = GoodNewsUITests.swift; sourceTree = "<group>"; };
		37442CF926C00E8E00094A93 /* Info.plist */ = {isa = PBXFileReference; lastKnownFileType = text.plist.xml; path = Info.plist; sourceTree = "<group>"; };
		37442D0626C00EE300094A93 /* NewsListTableViewViewController.swift */ = {isa = PBXFileReference; lastKnownFileType = sourcecode.swift; path = NewsListTableViewViewController.swift; sourceTree = "<group>"; };
		37442D0926C0136900094A93 /* Webservice.swift */ = {isa = PBXFileReference; lastKnownFileType = sourcecode.swift; path = Webservice.swift; sourceTree = "<group>"; };
		37442D0C26C01C6E00094A93 /* Article.swift */ = {isa = PBXFileReference; lastKnownFileType = sourcecode.swift; path = Article.swift; sourceTree = "<group>"; };
		37442D0F26C2077900094A93 /* ArticleViewModel.swift */ = {isa = PBXFileReference; lastKnownFileType = sourcecode.swift; path = ArticleViewModel.swift; sourceTree = "<group>"; };
		37442D1126C20AFD00094A93 /* ArticleTableViewCell.swift */ = {isa = PBXFileReference; lastKnownFileType = sourcecode.swift; path = ArticleTableViewCell.swift; sourceTree = "<group>"; };
/* End PBXFileReference section */

/* Begin PBXFrameworksBuildPhase section */
		37442CCF26C00E8A00094A93 /* Frameworks */ = {
			isa = PBXFrameworksBuildPhase;
			buildActionMask = 2147483647;
			files = (
			);
			runOnlyForDeploymentPostprocessing = 0;
		};
		37442CE526C00E8E00094A93 /* Frameworks */ = {
			isa = PBXFrameworksBuildPhase;
			buildActionMask = 2147483647;
			files = (
			);
			runOnlyForDeploymentPostprocessing = 0;
		};
		37442CF026C00E8E00094A93 /* Frameworks */ = {
			isa = PBXFrameworksBuildPhase;
			buildActionMask = 2147483647;
			files = (
			);
			runOnlyForDeploymentPostprocessing = 0;
		};
/* End PBXFrameworksBuildPhase section */

/* Begin PBXGroup section */
		37442CC926C00E8A00094A93 = {
			isa = PBXGroup;
			children = (
				37442CD426C00E8A00094A93 /* GoodNews */,
				37442CEB26C00E8E00094A93 /* GoodNewsTests */,
				37442CF626C00E8E00094A93 /* GoodNewsUITests */,
				37442CD326C00E8A00094A93 /* Products */,
			);
			sourceTree = "<group>";
		};
		37442CD326C00E8A00094A93 /* Products */ = {
			isa = PBXGroup;
			children = (
				37442CD226C00E8A00094A93 /* GoodNews.app */,
				37442CE826C00E8E00094A93 /* GoodNewsTests.xctest */,
				37442CF326C00E8E00094A93 /* GoodNewsUITests.xctest */,
			);
			name = Products;
			sourceTree = "<group>";
		};
		37442CD426C00E8A00094A93 /* GoodNews */ = {
			isa = PBXGroup;
			children = (
				37442D1326C20B0300094A93 /* Cells */,
				37442D0E26C2075900094A93 /* View Models */,
				37442D0B26C01C5F00094A93 /* Model */,
				37442D0826C0135300094A93 /* Service */,
				37442D0526C00EBA00094A93 /* Controllers */,
				37442CD526C00E8A00094A93 /* AppDelegate.swift */,
				37442CD726C00E8A00094A93 /* SceneDelegate.swift */,
				37442CDB26C00E8A00094A93 /* Main.storyboard */,
				37442CDE26C00E8E00094A93 /* Assets.xcassets */,
				37442CE026C00E8E00094A93 /* LaunchScreen.storyboard */,
				37442CE326C00E8E00094A93 /* Info.plist */,
			);
			path = GoodNews;
			sourceTree = "<group>";
		};
		37442CEB26C00E8E00094A93 /* GoodNewsTests */ = {
			isa = PBXGroup;
			children = (
				37442CEC26C00E8E00094A93 /* GoodNewsTests.swift */,
				37442CEE26C00E8E00094A93 /* Info.plist */,
			);
			path = GoodNewsTests;
			sourceTree = "<group>";
		};
		37442CF626C00E8E00094A93 /* GoodNewsUITests */ = {
			isa = PBXGroup;
			children = (
				37442CF726C00E8E00094A93 /* GoodNewsUITests.swift */,
				37442CF926C00E8E00094A93 /* Info.plist */,
			);
			path = GoodNewsUITests;
			sourceTree = "<group>";
		};
		37442D0526C00EBA00094A93 /* Controllers */ = {
			isa = PBXGroup;
			children = (
				37442D0626C00EE300094A93 /* NewsListTableViewViewController.swift */,
			);
			path = Controllers;
			sourceTree = "<group>";
		};
		37442D0826C0135300094A93 /* Service */ = {
			isa = PBXGroup;
			children = (
				37442D0926C0136900094A93 /* Webservice.swift */,
			);
			path = Service;
			sourceTree = "<group>";
		};
		37442D0B26C01C5F00094A93 /* Model */ = {
			isa = PBXGroup;
			children = (
				37442D0C26C01C6E00094A93 /* Article.swift */,
			);
			path = Model;
			sourceTree = "<group>";
		};
		37442D0E26C2075900094A93 /* View Models */ = {
			isa = PBXGroup;
			children = (
				37442D0F26C2077900094A93 /* ArticleViewModel.swift */,
			);
			path = "View Models";
			sourceTree = "<group>";
		};
		37442D1326C20B0300094A93 /* Cells */ = {
			isa = PBXGroup;
			children = (
				37442D1126C20AFD00094A93 /* ArticleTableViewCell.swift */,
			);
			path = Cells;
			sourceTree = "<group>";
		};
/* End PBXGroup section */

/* Begin PBXNativeTarget section */
		37442CD126C00E8A00094A93 /* GoodNews */ = {
			isa = PBXNativeTarget;
			buildConfigurationList = 37442CFC26C00E8E00094A93 /* Build configuration list for PBXNativeTarget "GoodNews" */;
			buildPhases = (
				37442CCE26C00E8A00094A93 /* Sources */,
				37442CCF26C00E8A00094A93 /* Frameworks */,
				37442CD026C00E8A00094A93 /* Resources */,
			);
			buildRules = (
			);
			dependencies = (
			);
			name = GoodNews;
			productName = GoodNews;
			productReference = 37442CD226C00E8A00094A93 /* GoodNews.app */;
			productType = "com.apple.product-type.application";
		};
		37442CE726C00E8E00094A93 /* GoodNewsTests */ = {
			isa = PBXNativeTarget;
			buildConfigurationList = 37442CFF26C00E8E00094A93 /* Build configuration list for PBXNativeTarget "GoodNewsTests" */;
			buildPhases = (
				37442CE426C00E8E00094A93 /* Sources */,
				37442CE526C00E8E00094A93 /* Frameworks */,
				37442CE626C00E8E00094A93 /* Resources */,
			);
			buildRules = (
			);
			dependencies = (
				37442CEA26C00E8E00094A93 /* PBXTargetDependency */,
			);
			name = GoodNewsTests;
			productName = GoodNewsTests;
			productReference = 37442CE826C00E8E00094A93 /* GoodNewsTests.xctest */;
			productType = "com.apple.product-type.bundle.unit-test";
		};
		37442CF226C00E8E00094A93 /* GoodNewsUITests */ = {
			isa = PBXNativeTarget;
			buildConfigurationList = 37442D0226C00E8E00094A93 /* Build configuration list for PBXNativeTarget "GoodNewsUITests" */;
			buildPhases = (
				37442CEF26C00E8E00094A93 /* Sources */,
				37442CF026C00E8E00094A93 /* Frameworks */,
				37442CF126C00E8E00094A93 /* Resources */,
			);
			buildRules = (
			);
			dependencies = (
				37442CF526C00E8E00094A93 /* PBXTargetDependency */,
			);
			name = GoodNewsUITests;
			productName = GoodNewsUITests;
			productReference = 37442CF326C00E8E00094A93 /* GoodNewsUITests.xctest */;
			productType = "com.apple.product-type.bundle.ui-testing";
		};
/* End PBXNativeTarget section */

/* Begin PBXProject section */
		37442CCA26C00E8A00094A93 /* Project object */ = {
			isa = PBXProject;
			attributes = {
				LastSwiftUpdateCheck = 1250;
				LastUpgradeCheck = 1250;
				TargetAttributes = {
					37442CD126C00E8A00094A93 = {
						CreatedOnToolsVersion = 12.5.1;
					};
					37442CE726C00E8E00094A93 = {
						CreatedOnToolsVersion = 12.5.1;
						TestTargetID = 37442CD126C00E8A00094A93;
					};
					37442CF226C00E8E00094A93 = {
						CreatedOnToolsVersion = 12.5.1;
						TestTargetID = 37442CD126C00E8A00094A93;
					};
				};
			};
			buildConfigurationList = 37442CCD26C00E8A00094A93 /* Build configuration list for PBXProject "GoodNews" */;
			compatibilityVersion = "Xcode 9.3";
			developmentRegion = en;
			hasScannedForEncodings = 0;
			knownRegions = (
				en,
				Base,
			);
			mainGroup = 37442CC926C00E8A00094A93;
			productRefGroup = 37442CD326C00E8A00094A93 /* Products */;
			projectDirPath = "";
			projectRoot = "";
			targets = (
				37442CD126C00E8A00094A93 /* GoodNews */,
				37442CE726C00E8E00094A93 /* GoodNewsTests */,
				37442CF226C00E8E00094A93 /* GoodNewsUITests */,
			);
		};
/* End PBXProject section */

/* Begin PBXResourcesBuildPhase section */
		37442CD026C00E8A00094A93 /* Resources */ = {
			isa = PBXResourcesBuildPhase;
			buildActionMask = 2147483647;
			files = (
				37442CE226C00E8E00094A93 /* LaunchScreen.storyboard in Resources */,
				37442CDF26C00E8E00094A93 /* Assets.xcassets in Resources */,
				37442CDD26C00E8A00094A93 /* Main.storyboard in Resources */,
			);
			runOnlyForDeploymentPostprocessing = 0;
		};
		37442CE626C00E8E00094A93 /* Resources */ = {
			isa = PBXResourcesBuildPhase;
			buildActionMask = 2147483647;
			files = (
			);
			runOnlyForDeploymentPostprocessing = 0;
		};
		37442CF126C00E8E00094A93 /* Resources */ = {
			isa = PBXResourcesBuildPhase;
			buildActionMask = 2147483647;
			files = (
			);
			runOnlyForDeploymentPostprocessing = 0;
		};
/* End PBXResourcesBuildPhase section */

/* Begin PBXSourcesBuildPhase section */
		37442CCE26C00E8A00094A93 /* Sources */ = {
			isa = PBXSourcesBuildPhase;
			buildActionMask = 2147483647;
			files = (
				37442CD626C00E8A00094A93 /* AppDelegate.swift in Sources */,
				37442D0726C00EE300094A93 /* NewsListTableViewViewController.swift in Sources */,
				37442D0A26C0136900094A93 /* Webservice.swift in Sources */,
				37442D1026C2077900094A93 /* ArticleViewModel.swift in Sources */,
				37442CD826C00E8A00094A93 /* SceneDelegate.swift in Sources */,
				37442D1226C20AFD00094A93 /* ArticleTableViewCell.swift in Sources */,
				37442D0D26C01C6E00094A93 /* Article.swift in Sources */,
			);
			runOnlyForDeploymentPostprocessing = 0;
		};
		37442CE426C00E8E00094A93 /* Sources */ = {
			isa = PBXSourcesBuildPhase;
			buildActionMask = 2147483647;
			files = (
				37442CED26C00E8E00094A93 /* GoodNewsTests.swift in Sources */,
			);
			runOnlyForDeploymentPostprocessing = 0;
		};
		37442CEF26C00E8E00094A93 /* Sources */ = {
			isa = PBXSourcesBuildPhase;
			buildActionMask = 2147483647;
			files = (
				37442CF826C00E8E00094A93 /* GoodNewsUITests.swift in Sources */,
			);
			runOnlyForDeploymentPostprocessing = 0;
		};
/* End PBXSourcesBuildPhase section */

/* Begin PBXTargetDependency section */
		37442CEA26C00E8E00094A93 /* PBXTargetDependency */ = {
			isa = PBXTargetDependency;
			target = 37442CD126C00E8A00094A93 /* GoodNews */;
			targetProxy = 37442CE926C00E8E00094A93 /* PBXContainerItemProxy */;
		};
		37442CF526C00E8E00094A93 /* PBXTargetDependency */ = {
			isa = PBXTargetDependency;
			target = 37442CD126C00E8A00094A93 /* GoodNews */;
			targetProxy = 37442CF426C00E8E00094A93 /* PBXContainerItemProxy */;
		};
/* End PBXTargetDependency section */

/* Begin PBXVariantGroup section */
		37442CDB26C00E8A00094A93 /* Main.storyboard */ = {
			isa = PBXVariantGroup;
			children = (
				37442CDC26C00E8A00094A93 /* Base */,
			);
			name = Main.storyboard;
			sourceTree = "<group>";
		};
		37442CE026C00E8E00094A93 /* LaunchScreen.storyboard */ = {
			isa = PBXVariantGroup;
			children = (
				37442CE126C00E8E00094A93 /* Base */,
			);
			name = LaunchScreen.storyboard;
			sourceTree = "<group>";
		};
/* End PBXVariantGroup section */

/* Begin XCBuildConfiguration section */
		37442CFA26C00E8E00094A93 /* Debug */ = {
			isa = XCBuildConfiguration;
			buildSettings = {
				ALWAYS_SEARCH_USER_PATHS = NO;
				CLANG_ANALYZER_NONNULL = YES;
				CLANG_ANALYZER_NUMBER_OBJECT_CONVERSION = YES_AGGRESSIVE;
				CLANG_CXX_LANGUAGE_STANDARD = "gnu++14";
				CLANG_CXX_LIBRARY = "libc++";
				CLANG_ENABLE_MODULES = YES;
				CLANG_ENABLE_OBJC_ARC = YES;
				CLANG_ENABLE_OBJC_WEAK = YES;
				CLANG_WARN_BLOCK_CAPTURE_AUTORELEASING = YES;
				CLANG_WARN_BOOL_CONVERSION = YES;
				CLANG_WARN_COMMA = YES;
				CLANG_WARN_CONSTANT_CONVERSION = YES;
				CLANG_WARN_DEPRECATED_OBJC_IMPLEMENTATIONS = YES;
				CLANG_WARN_DIRECT_OBJC_ISA_USAGE = YES_ERROR;
				CLANG_WARN_DOCUMENTATION_COMMENTS = YES;
				CLANG_WARN_EMPTY_BODY = YES;
				CLANG_WARN_ENUM_CONVERSION = YES;
				CLANG_WARN_INFINITE_RECURSION = YES;
				CLANG_WARN_INT_CONVERSION = YES;
				CLANG_WARN_NON_LITERAL_NULL_CONVERSION = YES;
				CLANG_WARN_OBJC_IMPLICIT_RETAIN_SELF = YES;
				CLANG_WARN_OBJC_LITERAL_CONVERSION = YES;
				CLANG_WARN_OBJC_ROOT_CLASS = YES_ERROR;
				CLANG_WARN_QUOTED_INCLUDE_IN_FRAMEWORK_HEADER = YES;
				CLANG_WARN_RANGE_LOOP_ANALYSIS = YES;
				CLANG_WARN_STRICT_PROTOTYPES = YES;
				CLANG_WARN_SUSPICIOUS_MOVE = YES;
				CLANG_WARN_UNGUARDED_AVAILABILITY = YES_AGGRESSIVE;
				CLANG_WARN_UNREACHABLE_CODE = YES;
				CLANG_WARN__DUPLICATE_METHOD_MATCH = YES;
				COPY_PHASE_STRIP = NO;
				DEBUG_INFORMATION_FORMAT = dwarf;
				ENABLE_STRICT_OBJC_MSGSEND = YES;
				ENABLE_TESTABILITY = YES;
				GCC_C_LANGUAGE_STANDARD = gnu11;
				GCC_DYNAMIC_NO_PIC = NO;
				GCC_NO_COMMON_BLOCKS = YES;
				GCC_OPTIMIZATION_LEVEL = 0;
				GCC_PREPROCESSOR_DEFINITIONS = (
					"DEBUG=1",
					"$(inherited)",
				);
				GCC_WARN_64_TO_32_BIT_CONVERSION = YES;
				GCC_WARN_ABOUT_RETURN_TYPE = YES_ERROR;
				GCC_WARN_UNDECLARED_SELECTOR = YES;
				GCC_WARN_UNINITIALIZED_AUTOS = YES_AGGRESSIVE;
				GCC_WARN_UNUSED_FUNCTION = YES;
				GCC_WARN_UNUSED_VARIABLE = YES;
				IPHONEOS_DEPLOYMENT_TARGET = 14.5;
				MTL_ENABLE_DEBUG_INFO = INCLUDE_SOURCE;
				MTL_FAST_MATH = YES;
				ONLY_ACTIVE_ARCH = YES;
				SDKROOT = iphoneos;
				SWIFT_ACTIVE_COMPILATION_CONDITIONS = DEBUG;
				SWIFT_OPTIMIZATION_LEVEL = "-Onone";
			};
			name = Debug;
		};
		37442CFB26C00E8E00094A93 /* Release */ = {
			isa = XCBuildConfiguration;
			buildSettings = {
				ALWAYS_SEARCH_USER_PATHS = NO;
				CLANG_ANALYZER_NONNULL = YES;
				CLANG_ANALYZER_NUMBER_OBJECT_CONVERSION = YES_AGGRESSIVE;
				CLANG_CXX_LANGUAGE_STANDARD = "gnu++14";
				CLANG_CXX_LIBRARY = "libc++";
				CLANG_ENABLE_MODULES = YES;
				CLANG_ENABLE_OBJC_ARC = YES;
				CLANG_ENABLE_OBJC_WEAK = YES;
				CLANG_WARN_BLOCK_CAPTURE_AUTORELEASING = YES;
				CLANG_WARN_BOOL_CONVERSION = YES;
				CLANG_WARN_COMMA = YES;
				CLANG_WARN_CONSTANT_CONVERSION = YES;
				CLANG_WARN_DEPRECATED_OBJC_IMPLEMENTATIONS = YES;
				CLANG_WARN_DIRECT_OBJC_ISA_USAGE = YES_ERROR;
				CLANG_WARN_DOCUMENTATION_COMMENTS = YES;
				CLANG_WARN_EMPTY_BODY = YES;
				CLANG_WARN_ENUM_CONVERSION = YES;
				CLANG_WARN_INFINITE_RECURSION = YES;
				CLANG_WARN_INT_CONVERSION = YES;
				CLANG_WARN_NON_LITERAL_NULL_CONVERSION = YES;
				CLANG_WARN_OBJC_IMPLICIT_RETAIN_SELF = YES;
				CLANG_WARN_OBJC_LITERAL_CONVERSION = YES;
				CLANG_WARN_OBJC_ROOT_CLASS = YES_ERROR;
				CLANG_WARN_QUOTED_INCLUDE_IN_FRAMEWORK_HEADER = YES;
				CLANG_WARN_RANGE_LOOP_ANALYSIS = YES;
				CLANG_WARN_STRICT_PROTOTYPES = YES;
				CLANG_WARN_SUSPICIOUS_MOVE = YES;
				CLANG_WARN_UNGUARDED_AVAILABILITY = YES_AGGRESSIVE;
				CLANG_WARN_UNREACHABLE_CODE = YES;
				CLANG_WARN__DUPLICATE_METHOD_MATCH = YES;
				COPY_PHASE_STRIP = NO;
				DEBUG_INFORMATION_FORMAT = "dwarf-with-dsym";
				ENABLE_NS_ASSERTIONS = NO;
				ENABLE_STRICT_OBJC_MSGSEND = YES;
				GCC_C_LANGUAGE_STANDARD = gnu11;
				GCC_NO_COMMON_BLOCKS = YES;
				GCC_WARN_64_TO_32_BIT_CONVERSION = YES;
				GCC_WARN_ABOUT_RETURN_TYPE = YES_ERROR;
				GCC_WARN_UNDECLARED_SELECTOR = YES;
				GCC_WARN_UNINITIALIZED_AUTOS = YES_AGGRESSIVE;
				GCC_WARN_UNUSED_FUNCTION = YES;
				GCC_WARN_UNUSED_VARIABLE = YES;
				IPHONEOS_DEPLOYMENT_TARGET = 14.5;
				MTL_ENABLE_DEBUG_INFO = NO;
				MTL_FAST_MATH = YES;
				SDKROOT = iphoneos;
				SWIFT_COMPILATION_MODE = wholemodule;
				SWIFT_OPTIMIZATION_LEVEL = "-O";
				VALIDATE_PRODUCT = YES;
			};
			name = Release;
		};
		37442CFD26C00E8E00094A93 /* Debug */ = {
			isa = XCBuildConfiguration;
			buildSettings = {
				ASSETCATALOG_COMPILER_APPICON_NAME = AppIcon;
				ASSETCATALOG_COMPILER_GLOBAL_ACCENT_COLOR_NAME = AccentColor;
				CODE_SIGN_STYLE = Automatic;
				DEVELOPMENT_TEAM = M82FLD6C75;
				INFOPLIST_FILE = GoodNews/Info.plist;
				LD_RUNPATH_SEARCH_PATHS = (
					"$(inherited)",
					"@executable_path/Frameworks",
				);
				PRODUCT_BUNDLE_IDENTIFIER = net.shotaroooe.GoodNews;
				PRODUCT_NAME = "$(TARGET_NAME)";
				SWIFT_VERSION = 5.0;
				TARGETED_DEVICE_FAMILY = "1,2";
			};
			name = Debug;
		};
		37442CFE26C00E8E00094A93 /* Release */ = {
			isa = XCBuildConfiguration;
			buildSettings = {
				ASSETCATALOG_COMPILER_APPICON_NAME = AppIcon;
				ASSETCATALOG_COMPILER_GLOBAL_ACCENT_COLOR_NAME = AccentColor;
				CODE_SIGN_STYLE = Automatic;
				DEVELOPMENT_TEAM = M82FLD6C75;
				INFOPLIST_FILE = GoodNews/Info.plist;
				LD_RUNPATH_SEARCH_PATHS = (
					"$(inherited)",
					"@executable_path/Frameworks",
				);
				PRODUCT_BUNDLE_IDENTIFIER = net.shotaroooe.GoodNews;
				PRODUCT_NAME = "$(TARGET_NAME)";
				SWIFT_VERSION = 5.0;
				TARGETED_DEVICE_FAMILY = "1,2";
			};
			name = Release;
		};
		37442D0026C00E8E00094A93 /* Debug */ = {
			isa = XCBuildConfiguration;
			buildSettings = {
				ALWAYS_EMBED_SWIFT_STANDARD_LIBRARIES = YES;
				BUNDLE_LOADER = "$(TEST_HOST)";
				CODE_SIGN_STYLE = Automatic;
				DEVELOPMENT_TEAM = M82FLD6C75;
				INFOPLIST_FILE = GoodNewsTests/Info.plist;
				IPHONEOS_DEPLOYMENT_TARGET = 14.5;
				LD_RUNPATH_SEARCH_PATHS = (
					"$(inherited)",
					"@executable_path/Frameworks",
					"@loader_path/Frameworks",
				);
				PRODUCT_BUNDLE_IDENTIFIER = net.shotaroooe.GoodNewsTests;
				PRODUCT_NAME = "$(TARGET_NAME)";
				SWIFT_VERSION = 5.0;
				TARGETED_DEVICE_FAMILY = "1,2";
				TEST_HOST = "$(BUILT_PRODUCTS_DIR)/GoodNews.app/GoodNews";
			};
			name = Debug;
		};
		37442D0126C00E8E00094A93 /* Release */ = {
			isa = XCBuildConfiguration;
			buildSettings = {
				ALWAYS_EMBED_SWIFT_STANDARD_LIBRARIES = YES;
				BUNDLE_LOADER = "$(TEST_HOST)";
				CODE_SIGN_STYLE = Automatic;
				DEVELOPMENT_TEAM = M82FLD6C75;
				INFOPLIST_FILE = GoodNewsTests/Info.plist;
				IPHONEOS_DEPLOYMENT_TARGET = 14.5;
				LD_RUNPATH_SEARCH_PATHS = (
					"$(inherited)",
					"@executable_path/Frameworks",
					"@loader_path/Frameworks",
				);
				PRODUCT_BUNDLE_IDENTIFIER = net.shotaroooe.GoodNewsTests;
				PRODUCT_NAME = "$(TARGET_NAME)";
				SWIFT_VERSION = 5.0;
				TARGETED_DEVICE_FAMILY = "1,2";
				TEST_HOST = "$(BUILT_PRODUCTS_DIR)/GoodNews.app/GoodNews";
			};
			name = Release;
		};
		37442D0326C00E8E00094A93 /* Debug */ = {
			isa = XCBuildConfiguration;
			buildSettings = {
				ALWAYS_EMBED_SWIFT_STANDARD_LIBRARIES = YES;
				CODE_SIGN_STYLE = Automatic;
				DEVELOPMENT_TEAM = M82FLD6C75;
				INFOPLIST_FILE = GoodNewsUITests/Info.plist;
				LD_RUNPATH_SEARCH_PATHS = (
					"$(inherited)",
					"@executable_path/Frameworks",
					"@loader_path/Frameworks",
				);
				PRODUCT_BUNDLE_IDENTIFIER = net.shotaroooe.GoodNewsUITests;
				PRODUCT_NAME = "$(TARGET_NAME)";
				SWIFT_VERSION = 5.0;
				TARGETED_DEVICE_FAMILY = "1,2";
				TEST_TARGET_NAME = GoodNews;
			};
			name = Debug;
		};
		37442D0426C00E8E00094A93 /* Release */ = {
			isa = XCBuildConfiguration;
			buildSettings = {
				ALWAYS_EMBED_SWIFT_STANDARD_LIBRARIES = YES;
				CODE_SIGN_STYLE = Automatic;
				DEVELOPMENT_TEAM = M82FLD6C75;
				INFOPLIST_FILE = GoodNewsUITests/Info.plist;
				LD_RUNPATH_SEARCH_PATHS = (
					"$(inherited)",
					"@executable_path/Frameworks",
					"@loader_path/Frameworks",
				);
				PRODUCT_BUNDLE_IDENTIFIER = net.shotaroooe.GoodNewsUITests;
				PRODUCT_NAME = "$(TARGET_NAME)";
				SWIFT_VERSION = 5.0;
				TARGETED_DEVICE_FAMILY = "1,2";
				TEST_TARGET_NAME = GoodNews;
			};
			name = Release;
		};
/* End XCBuildConfiguration section */

/* Begin XCConfigurationList section */
		37442CCD26C00E8A00094A93 /* Build configuration list for PBXProject "GoodNews" */ = {
			isa = XCConfigurationList;
			buildConfigurations = (
				37442CFA26C00E8E00094A93 /* Debug */,
				37442CFB26C00E8E00094A93 /* Release */,
			);
			defaultConfigurationIsVisible = 0;
			defaultConfigurationName = Release;
		};
		37442CFC26C00E8E00094A93 /* Build configuration list for PBXNativeTarget "GoodNews" */ = {
			isa = XCConfigurationList;
			buildConfigurations = (
				37442CFD26C00E8E00094A93 /* Debug */,
				37442CFE26C00E8E00094A93 /* Release */,
			);
			defaultConfigurationIsVisible = 0;
			defaultConfigurationName = Release;
		};
		37442CFF26C00E8E00094A93 /* Build configuration list for PBXNativeTarget "GoodNewsTests" */ = {
			isa = XCConfigurationList;
			buildConfigurations = (
				37442D0026C00E8E00094A93 /* Debug */,
				37442D0126C00E8E00094A93 /* Release */,
			);
			defaultConfigurationIsVisible = 0;
			defaultConfigurationName = Release;
		};
		37442D0226C00E8E00094A93 /* Build configuration list for PBXNativeTarget "GoodNewsUITests" */ = {
			isa = XCConfigurationList;
			buildConfigurations = (
				37442D0326C00E8E00094A93 /* Debug */,
				37442D0426C00E8E00094A93 /* Release */,
			);
			defaultConfigurationIsVisible = 0;
			defaultConfigurationName = Release;
		};
/* End XCConfigurationList section */
	};
	rootObject = 37442CCA26C00E8A00094A93 /* Project object */;
}
